{
  "name": "900_数据结构和算法",
  "lockfileVersion": 2,
  "requires": true,
  "packages": {
    "": {
      "dependencies": {
        "hy-algokit": "^1.4.0"
      }
    },
    "node_modules/hy-algokit": {
      "version": "1.4.0",
      "resolved": "https://registry.npmmirror.com/hy-algokit/-/hy-algokit-1.4.0.tgz",
      "integrity": "sha512-Eehnx7YS7VUzZsuntin9B2kolfIWYtPOsh922ZQ/ZUZxP1nUIWqIw2sna5lXpU5SzkOugeNdIDGN1sRnv3yeIw=="
    }
  },
  "dependencies": {
    "hy-algokit": {
      "version": "1.4.0",
      "resolved": "https://registry.npmmirror.com/hy-algokit/-/hy-algokit-1.4.0.tgz",
      "integrity": "sha512-Eehnx7YS7VUzZsuntin9B2kolfIWYtPOsh922ZQ/ZUZxP1nUIWqIw2sna5lXpU5SzkOugeNdIDGN1sRnv3yeIw=="
    }
  }
}
